
Microsoft Visual Studio Solution File, Format Version 12.00
# Visual Studio Version 17
VisualStudioVersion = 17.6.33723.286
MinimumVisualStudioVersion = 10.0.40219.1
Project("{8BC9CEB8-8B4A-11D0-8D11-00A0C91BC942}") = "Lab1", "Lab1\Lab1.vcxproj", "{CD2A1CD7-360D-4460-A152-F35FEAD6AC6F}"
EndProject
Project("{8BC9CEB8-8B4A-11D0-8D11-00A0C91BC942}") = "Lab2.1", "Lab2.1\Lab2.1.vcxproj", "{D1711B86-7CD2-46E4-B041-F042EBA2E167}"
EndProject
Project("{8BC9CEB8-8B4A-11D0-8D11-00A0C91BC942}") = "Lab2.2", "Lab2.2\Lab2.2.vcxproj", "{4A97F73A-B9CC-440C-80EF-F05F6784AF4E}"
EndProject
Project("{8BC9CEB8-8B4A-11D0-8D11-00A0C91BC942}") = "Lab2.3", "Lab2.3\Lab2.3.vcxproj", "{41BB2CB5-ABCD-4B05-B214-A70A95753BA7}"
EndProject
Project("{8BC9CEB8-8B4A-11D0-8D11-00A0C91BC942}") = "Lab2.4", "Lab2.4\Lab2.4.vcxproj", "{3175B3E2-9E44-4829-B6FA-4AAA6FE5F411}"
EndProject
Project("{8BC9CEB8-8B4A-11D0-8D11-00A0C91BC942}") = "Lab3.1", "Lab3.1\Lab3.1.vcxproj", "{14E7A182-3434-42F1-84E1-10FAA8765DFA}"
EndProject
Project("{8BC9CEB8-8B4A-11D0-8D11-00A0C91BC942}") = "Lab3.2", "Lab3.2\Lab3.2.vcxproj", "{C9C01B10-ADC4-4C03-AE9E-447B2C52D5D4}"
EndProject
Project("{8BC9CEB8-8B4A-11D0-8D11-00A0C91BC942}") = "Lab3.3", "Lab3.3\Lab3.3.vcxproj", "{1550D652-B9BE-41AE-8502-A676789A88DA}"
EndProject
Project("{8BC9CEB8-8B4A-11D0-8D11-00A0C91BC942}") = "Lab3.4", "Lab3.4\Lab3.4.vcxproj", "{C9EE0FE2-3049-48DC-A58B-05E1538CEDBF}"
EndProject
Project("{8BC9CEB8-8B4A-11D0-8D11-00A0C91BC942}") = "Lab3.5", "Lab3.5\Lab3.5.vcxproj", "{E4D21C60-92BA-4D19-8CE5-3E5CF79F434C}"
EndProject
Project("{8BC9CEB8-8B4A-11D0-8D11-00A0C91BC942}") = "Lab4.1", "Lab4.1\Lab4.1.vcxproj", "{AC5FB512-8A0B-4A75-8BBF-2E47C5168683}"
EndProject
Project("{8BC9CEB8-8B4A-11D0-8D11-00A0C91BC942}") = "Lab4.2", "Lab4.2\Lab4.2.vcxproj", "{C7D7F4CE-186B-4EB2-9AF6-B11A39B48EDE}"
EndProject
Global
	GlobalSection(SolutionConfigurationPlatforms) = preSolution
		Debug|x64 = Debug|x64
		Debug|x86 = Debug|x86
		Release|x64 = Release|x64
		Release|x86 = Release|x86
	EndGlobalSection
	GlobalSection(ProjectConfigurationPlatforms) = postSolution
		{CD2A1CD7-360D-4460-A152-F35FEAD6AC6F}.Debug|x64.ActiveCfg = Debug|x64
		{CD2A1CD7-360D-4460-A152-F35FEAD6AC6F}.Debug|x64.Build.0 = Debug|x64
		{CD2A1CD7-360D-4460-A152-F35FEAD6AC6F}.Debug|x86.ActiveCfg = Debug|Win32
		{CD2A1CD7-360D-4460-A152-F35FEAD6AC6F}.Debug|x86.Build.0 = Debug|Win32
		{CD2A1CD7-360D-4460-A152-F35FEAD6AC6F}.Release|x64.ActiveCfg = Release|x64
		{CD2A1CD7-360D-4460-A152-F35FEAD6AC6F}.Release|x64.Build.0 = Release|x64
		{CD2A1CD7-360D-4460-A152-F35FEAD6AC6F}.Release|x86.ActiveCfg = Release|Win32
		{CD2A1CD7-360D-4460-A152-F35FEAD6AC6F}.Release|x86.Build.0 = Release|Win32
		{D1711B86-7CD2-46E4-B041-F042EBA2E167}.Debug|x64.ActiveCfg = Debug|x64
		{D1711B86-7CD2-46E4-B041-F042EBA2E167}.Debug|x64.Build.0 = Debug|x64
		{D1711B86-7CD2-46E4-B041-F042EBA2E167}.Debug|x86.ActiveCfg = Debug|Win32
		{D1711B86-7CD2-46E4-B041-F042EBA2E167}.Debug|x86.Build.0 = Debug|Win32
		{D1711B86-7CD2-46E4-B041-F042EBA2E167}.Release|x64.ActiveCfg = Release|x64
		{D1711B86-7CD2-46E4-B041-F042EBA2E167}.Release|x64.Build.0 = Release|x64
		{D1711B86-7CD2-46E4-B041-F042EBA2E167}.Release|x86.ActiveCfg = Release|Win32
		{D1711B86-7CD2-46E4-B041-F042EBA2E167}.Release|x86.Build.0 = Release|Win32
		{4A97F73A-B9CC-440C-80EF-F05F6784AF4E}.Debug|x64.ActiveCfg = Debug|x64
		{4A97F73A-B9CC-440C-80EF-F05F6784AF4E}.Debug|x64.Build.0 = Debug|x64
		{4A97F73A-B9CC-440C-80EF-F05F6784AF4E}.Debug|x86.ActiveCfg = Debug|Win32
		{4A97F73A-B9CC-440C-80EF-F05F6784AF4E}.Debug|x86.Build.0 = Debug|Win32
		{4A97F73A-B9CC-440C-80EF-F05F6784AF4E}.Release|x64.ActiveCfg = Release|x64
		{4A97F73A-B9CC-440C-80EF-F05F6784AF4E}.Release|x64.Build.0 = Release|x64
		{4A97F73A-B9CC-440C-80EF-F05F6784AF4E}.Release|x86.ActiveCfg = Release|Win32
		{4A97F73A-B9CC-440C-80EF-F05F6784AF4E}.Release|x86.Build.0 = Release|Win32
		{41BB2CB5-ABCD-4B05-B214-A70A95753BA7}.Debug|x64.ActiveCfg = Debug|x64
		{41BB2CB5-ABCD-4B05-B214-A70A95753BA7}.Debug|x64.Build.0 = Debug|x64
		{41BB2CB5-ABCD-4B05-B214-A70A95753BA7}.Debug|x86.ActiveCfg = Debug|Win32
		{41BB2CB5-ABCD-4B05-B214-A70A95753BA7}.Debug|x86.Build.0 = Debug|Win32
		{41BB2CB5-ABCD-4B05-B214-A70A95753BA7}.Release|x64.ActiveCfg = Release|x64
		{41BB2CB5-ABCD-4B05-B214-A70A95753BA7}.Release|x64.Build.0 = Release|x64
		{41BB2CB5-ABCD-4B05-B214-A70A95753BA7}.Release|x86.ActiveCfg = Release|Win32
		{41BB2CB5-ABCD-4B05-B214-A70A95753BA7}.Release|x86.Build.0 = Release|Win32
		{3175B3E2-9E44-4829-B6FA-4AAA6FE5F411}.Debug|x64.ActiveCfg = Debug|x64
		{3175B3E2-9E44-4829-B6FA-4AAA6FE5F411}.Debug|x64.Build.0 = Debug|x64
		{3175B3E2-9E44-4829-B6FA-4AAA6FE5F411}.Debug|x86.ActiveCfg = Debug|Win32
		{3175B3E2-9E44-4829-B6FA-4AAA6FE5F411}.Debug|x86.Build.0 = Debug|Win32
		{3175B3E2-9E44-4829-B6FA-4AAA6FE5F411}.Release|x64.ActiveCfg = Release|x64
		{3175B3E2-9E44-4829-B6FA-4AAA6FE5F411}.Release|x64.Build.0 = Release|x64
		{3175B3E2-9E44-4829-B6FA-4AAA6FE5F411}.Release|x86.ActiveCfg = Release|Win32
		{3175B3E2-9E44-4829-B6FA-4AAA6FE5F411}.Release|x86.Build.0 = Release|Win32
		{14E7A182-3434-42F1-84E1-10FAA8765DFA}.Debug|x64.ActiveCfg = Debug|x64
		{14E7A182-3434-42F1-84E1-10FAA8765DFA}.Debug|x64.Build.0 = Debug|x64
		{14E7A182-3434-42F1-84E1-10FAA8765DFA}.Debug|x86.ActiveCfg = Debug|Win32
		{14E7A182-3434-42F1-84E1-10FAA8765DFA}.Debug|x86.Build.0 = Debug|Win32
		{14E7A182-3434-42F1-84E1-10FAA8765DFA}.Release|x64.ActiveCfg = Release|x64
		{14E7A182-3434-42F1-84E1-10FAA8765DFA}.Release|x64.Build.0 = Release|x64
		{14E7A182-3434-42F1-84E1-10FAA8765DFA}.Release|x86.ActiveCfg = Release|Win32
		{14E7A182-3434-42F1-84E1-10FAA8765DFA}.Release|x86.Build.0 = Release|Win32
		{C9C01B10-ADC4-4C03-AE9E-447B2C52D5D4}.Debug|x64.ActiveCfg = Debug|x64
		{C9C01B10-ADC4-4C03-AE9E-447B2C52D5D4}.Debug|x64.Build.0 = Debug|x64
		{C9C01B10-ADC4-4C03-AE9E-447B2C52D5D4}.Debug|x86.ActiveCfg = Debug|Win32
		{C9C01B10-ADC4-4C03-AE9E-447B2C52D5D4}.Debug|x86.Build.0 = Debug|Win32
		{C9C01B10-ADC4-4C03-AE9E-447B2C52D5D4}.Release|x64.ActiveCfg = Release|x64
		{C9C01B10-ADC4-4C03-AE9E-447B2C52D5D4}.Release|x64.Build.0 = Release|x64
		{C9C01B10-ADC4-4C03-AE9E-447B2C52D5D4}.Release|x86.ActiveCfg = Release|Win32
		{C9C01B10-ADC4-4C03-AE9E-447B2C52D5D4}.Release|x86.Build.0 = Release|Win32
		{1550D652-B9BE-41AE-8502-A676789A88DA}.Debug|x64.ActiveCfg = Debug|x64
		{1550D652-B9BE-41AE-8502-A676789A88DA}.Debug|x64.Build.0 = Debug|x64
		{1550D652-B9BE-41AE-8502-A676789A88DA}.Debug|x86.ActiveCfg = Debug|Win32
		{1550D652-B9BE-41AE-8502-A676789A88DA}.Debug|x86.Build.0 = Debug|Win32
		{1550D652-B9BE-41AE-8502-A676789A88DA}.Release|x64.ActiveCfg = Release|x64
		{1550D652-B9BE-41AE-8502-A676789A88DA}.Release|x64.Build.0 = Release|x64
		{1550D652-B9BE-41AE-8502-A676789A88DA}.Release|x86.ActiveCfg = Release|Win32
		{1550D652-B9BE-41AE-8502-A676789A88DA}.Release|x86.Build.0 = Release|Win32
		{C9EE0FE2-3049-48DC-A58B-05E1538CEDBF}.Debug|x64.ActiveCfg = Debug|x64
		{C9EE0FE2-3049-48DC-A58B-05E1538CEDBF}.Debug|x64.Build.0 = Debug|x64
		{C9EE0FE2-3049-48DC-A58B-05E1538CEDBF}.Debug|x86.ActiveCfg = Debug|Win32
		{C9EE0FE2-3049-48DC-A58B-05E1538CEDBF}.Debug|x86.Build.0 = Debug|Win32
		{C9EE0FE2-3049-48DC-A58B-05E1538CEDBF}.Release|x64.ActiveCfg = Release|x64
		{C9EE0FE2-3049-48DC-A58B-05E1538CEDBF}.Release|x64.Build.0 = Release|x64
		{C9EE0FE2-3049-48DC-A58B-05E1538CEDBF}.Release|x86.ActiveCfg = Release|Win32
		{C9EE0FE2-3049-48DC-A58B-05E1538CEDBF}.Release|x86.Build.0 = Release|Win32
		{E4D21C60-92BA-4D19-8CE5-3E5CF79F434C}.Debug|x64.ActiveCfg = Debug|x64
		{E4D21C60-92BA-4D19-8CE5-3E5CF79F434C}.Debug|x64.Build.0 = Debug|x64
		{E4D21C60-92BA-4D19-8CE5-3E5CF79F434C}.Debug|x86.ActiveCfg = Debug|Win32
		{E4D21C60-92BA-4D19-8CE5-3E5CF79F434C}.Debug|x86.Build.0 = Debug|Win32
		{E4D21C60-92BA-4D19-8CE5-3E5CF79F434C}.Release|x64.ActiveCfg = Release|x64
		{E4D21C60-92BA-4D19-8CE5-3E5CF79F434C}.Release|x64.Build.0 = Release|x64
		{E4D21C60-92BA-4D19-8CE5-3E5CF79F434C}.Release|x86.ActiveCfg = Release|Win32
		{E4D21C60-92BA-4D19-8CE5-3E5CF79F434C}.Release|x86.Build.0 = Release|Win32
		{AC5FB512-8A0B-4A75-8BBF-2E47C5168683}.Debug|x64.ActiveCfg = Debug|x64
		{AC5FB512-8A0B-4A75-8BBF-2E47C5168683}.Debug|x64.Build.0 = Debug|x64
		{AC5FB512-8A0B-4A75-8BBF-2E47C5168683}.Debug|x86.ActiveCfg = Debug|Win32
		{AC5FB512-8A0B-4A75-8BBF-2E47C5168683}.Debug|x86.Build.0 = Debug|Win32
		{AC5FB512-8A0B-4A75-8BBF-2E47C5168683}.Release|x64.ActiveCfg = Release|x64
		{AC5FB512-8A0B-4A75-8BBF-2E47C5168683}.Release|x64.Build.0 = Release|x64
		{AC5FB512-8A0B-4A75-8BBF-2E47C5168683}.Release|x86.ActiveCfg = Release|Win32
		{AC5FB512-8A0B-4A75-8BBF-2E47C5168683}.Release|x86.Build.0 = Release|Win32
		{C7D7F4CE-186B-4EB2-9AF6-B11A39B48EDE}.Debug|x64.ActiveCfg = Debug|x64
		{C7D7F4CE-186B-4EB2-9AF6-B11A39B48EDE}.Debug|x64.Build.0 = Debug|x64
		{C7D7F4CE-186B-4EB2-9AF6-B11A39B48EDE}.Debug|x86.ActiveCfg = Debug|Win32
		{C7D7F4CE-186B-4EB2-9AF6-B11A39B48EDE}.Debug|x86.Build.0 = Debug|Win32
		{C7D7F4CE-186B-4EB2-9AF6-B11A39B48EDE}.Release|x64.ActiveCfg = Release|x64
		{C7D7F4CE-186B-4EB2-9AF6-B11A39B48EDE}.Release|x64.Build.0 = Release|x64
		{C7D7F4CE-186B-4EB2-9AF6-B11A39B48EDE}.Release|x86.ActiveCfg = Release|Win32
		{C7D7F4CE-186B-4EB2-9AF6-B11A39B48EDE}.Release|x86.Build.0 = Release|Win32
	EndGlobalSection
	GlobalSection(SolutionProperties) = preSolution
		HideSolutionNode = FALSE
	EndGlobalSection
	GlobalSection(ExtensibilityGlobals) = postSolution
		SolutionGuid = {A21106CB-45C3-43EB-8D86-29671C93FEB7}
	EndGlobalSection
EndGlobal
