
Microsoft Visual Studio Solution File, Format Version 12.00
# Visual Studio Version 17
VisualStudioVersion = 17.6.33723.286
MinimumVisualStudioVersion = 10.0.40219.1
Project("{8BC9CEB8-8B4A-11D0-8D11-00A0C91BC942}") = "Lab1", "Lab1\Lab1.vcxproj", "{CD2A1CD7-360D-4460-A152-F35FEAD6AC6F}"
EndProject
Project("{8BC9CEB8-8B4A-11D0-8D11-00A0C91BC942}") = "Lab2.1", "Lab2.1\Lab2.1.vcxproj", "{D1711B86-7CD2-46E4-B041-F042EBA2E167}"
EndProject
Project("{8BC9CEB8-8B4A-11D0-8D11-00A0C91BC942}") = "Lab2.2", "Lab2.2\Lab2.2.vcxproj", "{4A97F73A-B9CC-440C-80EF-F05F6784AF4E}"
EndProject
Project("{8BC9CEB8-8B4A-11D0-8D11-00A0C91BC942}") = "Lab2.3", "Lab2.3\Lab2.3.vcxproj", "{41BB2CB5-ABCD-4B05-B214-A70A95753BA7}"
EndProject
Project("{8BC9CEB8-8B4A-11D0-8D11-00A0C91BC942}") = "Lab2.4", "Lab2.4\Lab2.4.vcxproj", "{3175B3E2-9E44-4829-B6FA-4AAA6FE5F411}"
EndProject
Project("{8BC9CEB8-8B4A-11D0-8D11-00A0C91BC942}") = "Lab3.1", "Lab3.1\Lab3.1.vcxproj", "{14E7A182-3434-42F1-84E1-10FAA8765DFA}"
EndProject
Project("{8BC9CEB8-8B4A-11D0-8D11-00A0C91BC942}") = "Lab3.2", "Lab3.2\Lab3.2.vcxproj", "{C9C01B10-ADC4-4C03-AE9E-447B2C52D5D4}"
EndProject
Project("{8BC9CEB8-8B4A-11D0-8D11-00A0C91BC942}") = "Lab3.3", "Lab3.3\Lab3.3.vcxproj", "{1550D652-B9BE-41AE-8502-A676789A88DA}"
EndProject
Project("{8BC9CEB8-8B4A-11D0-8D11-00A0C91BC942}") = "Lab3.4", "Lab3.4\Lab3.4.vcxproj", "{C9EE0FE2-3049-48DC-A58B-05E1538CEDBF}"
EndProject
Project("{8BC9CEB8-8B4A-11D0-8D11-00A0C91BC942}") = "Lab3.5", "Lab3.5\Lab3.5.vcxproj", "{E4D21C60-92BA-4D19-8CE5-3E5CF79F434C}"
EndProject
Project("{8BC9CEB8-8B4A-11D0-8D11-00A0C91BC942}") = "Lab4.1", "Lab4.1\Lab4.1.vcxproj", "{AC5FB512-8A0B-4A75-8BBF-2E47C5168683}"
EndProject
Project("{8BC9CEB8-8B4A-11D0-8D11-00A0C91BC942}") = "Lab4.2", "Lab4.2\Lab4.2.vcxproj", "{C7D7F4CE-186B-4EB2-9AF6-B11A39B48EDE}"
EndProject
Project("{8BC9CEB8-8B4A-11D0-8D11-00A0C91BC942}") = "Lab5.1", "Lab5.1\Lab5.1.vcxproj", "{25D8F97D-5B82-40D8-B1A2-7DBB6970EEF1}"
EndProject
Project("{8BC9CEB8-8B4A-11D0-8D11-00A0C91BC942}") = "Lab5.2", "Lab5.2\Lab5.2.vcxproj", "{2E433007-65A1-4B98-8C05-E0049FA3357A}"
EndProject
Project("{8BC9CEB8-8B4A-11D0-8D11-00A0C91BC942}") = "Lab5.3", "Lab5.3\Lab5.3.vcxproj", "{3AD28822-C5A2-48EE-B3E9-218B6DFAEBFB}"
EndProject
Project("{8BC9CEB8-8B4A-11D0-8D11-00A0C91BC942}") = "Lab5.4", "Lab5.4\Lab5.4.vcxproj", "{166AC88C-9B2E-43A2-9433-6DC5155CD24D}"
EndProject
Project("{8BC9CEB8-8B4A-11D0-8D11-00A0C91BC942}") = "Lab6.1", "Lab6.1\Lab6.1.vcxproj", "{D1ECC289-04B3-4B27-BA07-3BD7ED5B4801}"
EndProject
Project("{8BC9CEB8-8B4A-11D0-8D11-00A0C91BC942}") = "Lab6.2", "Lab6.2\Lab6.2.vcxproj", "{6BE39B57-EEE5-4F17-8055-61C0269DB7B4}"
EndProject
Project("{8BC9CEB8-8B4A-11D0-8D11-00A0C91BC942}") = "Lab7.1", "Lab7.1\Lab7.1.vcxproj", "{A7EF6DDC-67CC-44BA-AD99-30AD04C0A04C}"
EndProject
Project("{8BC9CEB8-8B4A-11D0-8D11-00A0C91BC942}") = "Lab7.2", "Lab7.2\Lab7.2.vcxproj", "{27DE0913-BB59-42CD-B603-38338913BF9D}"
EndProject
Project("{8BC9CEB8-8B4A-11D0-8D11-00A0C91BC942}") = "Lab7.3", "Lab7.3\Lab7.3.vcxproj", "{1CC4209F-1C56-456D-83CB-036BB2571046}"
EndProject
Project("{8BC9CEB8-8B4A-11D0-8D11-00A0C91BC942}") = "Lab8", "Lab8.1\Lab8.1.vcxproj", "{EF9F3FCE-9337-47C3-A469-F313488411D9}"
EndProject
Project("{8BC9CEB8-8B4A-11D0-8D11-00A0C91BC942}") = "Lab9.1", "Lab9.1\Lab9.1.vcxproj", "{5C0B7829-FE20-402E-A2F7-FDF75369647B}"
EndProject
Project("{8BC9CEB8-8B4A-11D0-8D11-00A0C91BC942}") = "Lab9.2", "Lab9.2\Lab9.2.vcxproj", "{6AA1D9D4-6887-4F42-92C1-05B7ED77FD13}"
EndProject
Project("{8BC9CEB8-8B4A-11D0-8D11-00A0C91BC942}") = "Lab10.1", "Lab10.1\Lab10.1.vcxproj", "{9D41E78E-0C22-4DC4-98AF-EE3DC329D239}"
EndProject
Project("{8BC9CEB8-8B4A-11D0-8D11-00A0C91BC942}") = "Lab11.1", "Lab11.1\Lab11.1.vcxproj", "{CB2B27D6-5A7D-481B-A5DB-42AC2704E75F}"
EndProject
Project("{8BC9CEB8-8B4A-11D0-8D11-00A0C91BC942}") = "Lab11.2", "Lab11.2\Lab11.2.vcxproj", "{724A9EE7-490A-4794-910E-23F7DB7BBD9C}"
EndProject
Project("{8BC9CEB8-8B4A-11D0-8D11-00A0C91BC942}") = "Lab13.1", "Lab13.1\Lab13.1.vcxproj", "{1E01B025-7717-4323-B24A-3C7E6C7EBC58}"
EndProject
Project("{8BC9CEB8-8B4A-11D0-8D11-00A0C91BC942}") = "Lab14.1", "Lab14.1\Lab14.1.vcxproj", "{B6291722-A7C4-4F75-8F7B-8BC8BF83FB0F}"
EndProject
Project("{8BC9CEB8-8B4A-11D0-8D11-00A0C91BC942}") = "Lab14.2", "Lab14.2\Lab14.2.vcxproj", "{FB97E215-9DAB-4886-AD53-1F847276EE8A}"
EndProject
Project("{8BC9CEB8-8B4A-11D0-8D11-00A0C91BC942}") = "Lab15.1", "Lab15.1\Lab15.1.vcxproj", "{E3A37F00-79C6-464C-9307-D134C78C78BF}"
EndProject
Project("{8BC9CEB8-8B4A-11D0-8D11-00A0C91BC942}") = "Test.Ex1", "Test.Ex1\Test.Ex1.vcxproj", "{EAFBB679-FB28-48A8-93C9-54AE9AFBB163}"
EndProject
Project("{8BC9CEB8-8B4A-11D0-8D11-00A0C91BC942}") = "Test.Ex2", "Test.Ex2\Test.Ex2.vcxproj", "{A6096B3E-4C15-4A14-9E32-9C0B5D8B5C2B}"
EndProject
Project("{8BC9CEB8-8B4A-11D0-8D11-00A0C91BC942}") = "Test.Ex3", "Test.Ex3\Test.Ex3.vcxproj", "{5DF33FF6-34CF-47B8-B8CF-CC4F1E4DEF54}"
EndProject
Project("{8BC9CEB8-8B4A-11D0-8D11-00A0C91BC942}") = "Test.Ex4", "Test.Ex4\Test.Ex4.vcxproj", "{E2D7BBE4-9661-4E6C-A0FD-AD17097EBB17}"
EndProject
Global
	GlobalSection(SolutionConfigurationPlatforms) = preSolution
		Debug|x64 = Debug|x64
		Debug|x86 = Debug|x86
		Release|x64 = Release|x64
		Release|x86 = Release|x86
	EndGlobalSection
	GlobalSection(ProjectConfigurationPlatforms) = postSolution
		{CD2A1CD7-360D-4460-A152-F35FEAD6AC6F}.Debug|x64.ActiveCfg = Debug|x64
		{CD2A1CD7-360D-4460-A152-F35FEAD6AC6F}.Debug|x64.Build.0 = Debug|x64
		{CD2A1CD7-360D-4460-A152-F35FEAD6AC6F}.Debug|x86.ActiveCfg = Debug|Win32
		{CD2A1CD7-360D-4460-A152-F35FEAD6AC6F}.Debug|x86.Build.0 = Debug|Win32
		{CD2A1CD7-360D-4460-A152-F35FEAD6AC6F}.Release|x64.ActiveCfg = Release|x64
		{CD2A1CD7-360D-4460-A152-F35FEAD6AC6F}.Release|x64.Build.0 = Release|x64
		{CD2A1CD7-360D-4460-A152-F35FEAD6AC6F}.Release|x86.ActiveCfg = Release|Win32
		{CD2A1CD7-360D-4460-A152-F35FEAD6AC6F}.Release|x86.Build.0 = Release|Win32
		{D1711B86-7CD2-46E4-B041-F042EBA2E167}.Debug|x64.ActiveCfg = Debug|x64
		{D1711B86-7CD2-46E4-B041-F042EBA2E167}.Debug|x64.Build.0 = Debug|x64
		{D1711B86-7CD2-46E4-B041-F042EBA2E167}.Debug|x86.ActiveCfg = Debug|Win32
		{D1711B86-7CD2-46E4-B041-F042EBA2E167}.Debug|x86.Build.0 = Debug|Win32
		{D1711B86-7CD2-46E4-B041-F042EBA2E167}.Release|x64.ActiveCfg = Release|x64
		{D1711B86-7CD2-46E4-B041-F042EBA2E167}.Release|x64.Build.0 = Release|x64
		{D1711B86-7CD2-46E4-B041-F042EBA2E167}.Release|x86.ActiveCfg = Release|Win32
		{D1711B86-7CD2-46E4-B041-F042EBA2E167}.Release|x86.Build.0 = Release|Win32
		{4A97F73A-B9CC-440C-80EF-F05F6784AF4E}.Debug|x64.ActiveCfg = Debug|x64
		{4A97F73A-B9CC-440C-80EF-F05F6784AF4E}.Debug|x64.Build.0 = Debug|x64
		{4A97F73A-B9CC-440C-80EF-F05F6784AF4E}.Debug|x86.ActiveCfg = Debug|Win32
		{4A97F73A-B9CC-440C-80EF-F05F6784AF4E}.Debug|x86.Build.0 = Debug|Win32
		{4A97F73A-B9CC-440C-80EF-F05F6784AF4E}.Release|x64.ActiveCfg = Release|x64
		{4A97F73A-B9CC-440C-80EF-F05F6784AF4E}.Release|x64.Build.0 = Release|x64
		{4A97F73A-B9CC-440C-80EF-F05F6784AF4E}.Release|x86.ActiveCfg = Release|Win32
		{4A97F73A-B9CC-440C-80EF-F05F6784AF4E}.Release|x86.Build.0 = Release|Win32
		{41BB2CB5-ABCD-4B05-B214-A70A95753BA7}.Debug|x64.ActiveCfg = Debug|x64
		{41BB2CB5-ABCD-4B05-B214-A70A95753BA7}.Debug|x64.Build.0 = Debug|x64
		{41BB2CB5-ABCD-4B05-B214-A70A95753BA7}.Debug|x86.ActiveCfg = Debug|Win32
		{41BB2CB5-ABCD-4B05-B214-A70A95753BA7}.Debug|x86.Build.0 = Debug|Win32
		{41BB2CB5-ABCD-4B05-B214-A70A95753BA7}.Release|x64.ActiveCfg = Release|x64
		{41BB2CB5-ABCD-4B05-B214-A70A95753BA7}.Release|x64.Build.0 = Release|x64
		{41BB2CB5-ABCD-4B05-B214-A70A95753BA7}.Release|x86.ActiveCfg = Release|Win32
		{41BB2CB5-ABCD-4B05-B214-A70A95753BA7}.Release|x86.Build.0 = Release|Win32
		{3175B3E2-9E44-4829-B6FA-4AAA6FE5F411}.Debug|x64.ActiveCfg = Debug|x64
		{3175B3E2-9E44-4829-B6FA-4AAA6FE5F411}.Debug|x64.Build.0 = Debug|x64
		{3175B3E2-9E44-4829-B6FA-4AAA6FE5F411}.Debug|x86.ActiveCfg = Debug|Win32
		{3175B3E2-9E44-4829-B6FA-4AAA6FE5F411}.Debug|x86.Build.0 = Debug|Win32
		{3175B3E2-9E44-4829-B6FA-4AAA6FE5F411}.Release|x64.ActiveCfg = Release|x64
		{3175B3E2-9E44-4829-B6FA-4AAA6FE5F411}.Release|x64.Build.0 = Release|x64
		{3175B3E2-9E44-4829-B6FA-4AAA6FE5F411}.Release|x86.ActiveCfg = Release|Win32
		{3175B3E2-9E44-4829-B6FA-4AAA6FE5F411}.Release|x86.Build.0 = Release|Win32
		{14E7A182-3434-42F1-84E1-10FAA8765DFA}.Debug|x64.ActiveCfg = Debug|x64
		{14E7A182-3434-42F1-84E1-10FAA8765DFA}.Debug|x64.Build.0 = Debug|x64
		{14E7A182-3434-42F1-84E1-10FAA8765DFA}.Debug|x86.ActiveCfg = Debug|Win32
		{14E7A182-3434-42F1-84E1-10FAA8765DFA}.Debug|x86.Build.0 = Debug|Win32
		{14E7A182-3434-42F1-84E1-10FAA8765DFA}.Release|x64.ActiveCfg = Release|x64
		{14E7A182-3434-42F1-84E1-10FAA8765DFA}.Release|x64.Build.0 = Release|x64
		{14E7A182-3434-42F1-84E1-10FAA8765DFA}.Release|x86.ActiveCfg = Release|Win32
		{14E7A182-3434-42F1-84E1-10FAA8765DFA}.Release|x86.Build.0 = Release|Win32
		{C9C01B10-ADC4-4C03-AE9E-447B2C52D5D4}.Debug|x64.ActiveCfg = Debug|x64
		{C9C01B10-ADC4-4C03-AE9E-447B2C52D5D4}.Debug|x64.Build.0 = Debug|x64
		{C9C01B10-ADC4-4C03-AE9E-447B2C52D5D4}.Debug|x86.ActiveCfg = Debug|Win32
		{C9C01B10-ADC4-4C03-AE9E-447B2C52D5D4}.Debug|x86.Build.0 = Debug|Win32
		{C9C01B10-ADC4-4C03-AE9E-447B2C52D5D4}.Release|x64.ActiveCfg = Release|x64
		{C9C01B10-ADC4-4C03-AE9E-447B2C52D5D4}.Release|x64.Build.0 = Release|x64
		{C9C01B10-ADC4-4C03-AE9E-447B2C52D5D4}.Release|x86.ActiveCfg = Release|Win32
		{C9C01B10-ADC4-4C03-AE9E-447B2C52D5D4}.Release|x86.Build.0 = Release|Win32
		{1550D652-B9BE-41AE-8502-A676789A88DA}.Debug|x64.ActiveCfg = Debug|x64
		{1550D652-B9BE-41AE-8502-A676789A88DA}.Debug|x64.Build.0 = Debug|x64
		{1550D652-B9BE-41AE-8502-A676789A88DA}.Debug|x86.ActiveCfg = Debug|Win32
		{1550D652-B9BE-41AE-8502-A676789A88DA}.Debug|x86.Build.0 = Debug|Win32
		{1550D652-B9BE-41AE-8502-A676789A88DA}.Release|x64.ActiveCfg = Release|x64
		{1550D652-B9BE-41AE-8502-A676789A88DA}.Release|x64.Build.0 = Release|x64
		{1550D652-B9BE-41AE-8502-A676789A88DA}.Release|x86.ActiveCfg = Release|Win32
		{1550D652-B9BE-41AE-8502-A676789A88DA}.Release|x86.Build.0 = Release|Win32
		{C9EE0FE2-3049-48DC-A58B-05E1538CEDBF}.Debug|x64.ActiveCfg = Debug|x64
		{C9EE0FE2-3049-48DC-A58B-05E1538CEDBF}.Debug|x64.Build.0 = Debug|x64
		{C9EE0FE2-3049-48DC-A58B-05E1538CEDBF}.Debug|x86.ActiveCfg = Debug|Win32
		{C9EE0FE2-3049-48DC-A58B-05E1538CEDBF}.Debug|x86.Build.0 = Debug|Win32
		{C9EE0FE2-3049-48DC-A58B-05E1538CEDBF}.Release|x64.ActiveCfg = Release|x64
		{C9EE0FE2-3049-48DC-A58B-05E1538CEDBF}.Release|x64.Build.0 = Release|x64
		{C9EE0FE2-3049-48DC-A58B-05E1538CEDBF}.Release|x86.ActiveCfg = Release|Win32
		{C9EE0FE2-3049-48DC-A58B-05E1538CEDBF}.Release|x86.Build.0 = Release|Win32
		{E4D21C60-92BA-4D19-8CE5-3E5CF79F434C}.Debug|x64.ActiveCfg = Debug|x64
		{E4D21C60-92BA-4D19-8CE5-3E5CF79F434C}.Debug|x64.Build.0 = Debug|x64
		{E4D21C60-92BA-4D19-8CE5-3E5CF79F434C}.Debug|x86.ActiveCfg = Debug|Win32
		{E4D21C60-92BA-4D19-8CE5-3E5CF79F434C}.Debug|x86.Build.0 = Debug|Win32
		{E4D21C60-92BA-4D19-8CE5-3E5CF79F434C}.Release|x64.ActiveCfg = Release|x64
		{E4D21C60-92BA-4D19-8CE5-3E5CF79F434C}.Release|x64.Build.0 = Release|x64
		{E4D21C60-92BA-4D19-8CE5-3E5CF79F434C}.Release|x86.ActiveCfg = Release|Win32
		{E4D21C60-92BA-4D19-8CE5-3E5CF79F434C}.Release|x86.Build.0 = Release|Win32
		{AC5FB512-8A0B-4A75-8BBF-2E47C5168683}.Debug|x64.ActiveCfg = Debug|x64
		{AC5FB512-8A0B-4A75-8BBF-2E47C5168683}.Debug|x64.Build.0 = Debug|x64
		{AC5FB512-8A0B-4A75-8BBF-2E47C5168683}.Debug|x86.ActiveCfg = Debug|Win32
		{AC5FB512-8A0B-4A75-8BBF-2E47C5168683}.Debug|x86.Build.0 = Debug|Win32
		{AC5FB512-8A0B-4A75-8BBF-2E47C5168683}.Release|x64.ActiveCfg = Release|x64
		{AC5FB512-8A0B-4A75-8BBF-2E47C5168683}.Release|x64.Build.0 = Release|x64
		{AC5FB512-8A0B-4A75-8BBF-2E47C5168683}.Release|x86.ActiveCfg = Release|Win32
		{AC5FB512-8A0B-4A75-8BBF-2E47C5168683}.Release|x86.Build.0 = Release|Win32
		{C7D7F4CE-186B-4EB2-9AF6-B11A39B48EDE}.Debug|x64.ActiveCfg = Debug|x64
		{C7D7F4CE-186B-4EB2-9AF6-B11A39B48EDE}.Debug|x64.Build.0 = Debug|x64
		{C7D7F4CE-186B-4EB2-9AF6-B11A39B48EDE}.Debug|x86.ActiveCfg = Debug|Win32
		{C7D7F4CE-186B-4EB2-9AF6-B11A39B48EDE}.Debug|x86.Build.0 = Debug|Win32
		{C7D7F4CE-186B-4EB2-9AF6-B11A39B48EDE}.Release|x64.ActiveCfg = Release|x64
		{C7D7F4CE-186B-4EB2-9AF6-B11A39B48EDE}.Release|x64.Build.0 = Release|x64
		{C7D7F4CE-186B-4EB2-9AF6-B11A39B48EDE}.Release|x86.ActiveCfg = Release|Win32
		{C7D7F4CE-186B-4EB2-9AF6-B11A39B48EDE}.Release|x86.Build.0 = Release|Win32
		{25D8F97D-5B82-40D8-B1A2-7DBB6970EEF1}.Debug|x64.ActiveCfg = Debug|x64
		{25D8F97D-5B82-40D8-B1A2-7DBB6970EEF1}.Debug|x64.Build.0 = Debug|x64
		{25D8F97D-5B82-40D8-B1A2-7DBB6970EEF1}.Debug|x86.ActiveCfg = Debug|Win32
		{25D8F97D-5B82-40D8-B1A2-7DBB6970EEF1}.Debug|x86.Build.0 = Debug|Win32
		{25D8F97D-5B82-40D8-B1A2-7DBB6970EEF1}.Release|x64.ActiveCfg = Release|x64
		{25D8F97D-5B82-40D8-B1A2-7DBB6970EEF1}.Release|x64.Build.0 = Release|x64
		{25D8F97D-5B82-40D8-B1A2-7DBB6970EEF1}.Release|x86.ActiveCfg = Release|Win32
		{25D8F97D-5B82-40D8-B1A2-7DBB6970EEF1}.Release|x86.Build.0 = Release|Win32
		{2E433007-65A1-4B98-8C05-E0049FA3357A}.Debug|x64.ActiveCfg = Debug|x64
		{2E433007-65A1-4B98-8C05-E0049FA3357A}.Debug|x64.Build.0 = Debug|x64
		{2E433007-65A1-4B98-8C05-E0049FA3357A}.Debug|x86.ActiveCfg = Debug|Win32
		{2E433007-65A1-4B98-8C05-E0049FA3357A}.Debug|x86.Build.0 = Debug|Win32
		{2E433007-65A1-4B98-8C05-E0049FA3357A}.Release|x64.ActiveCfg = Release|x64
		{2E433007-65A1-4B98-8C05-E0049FA3357A}.Release|x64.Build.0 = Release|x64
		{2E433007-65A1-4B98-8C05-E0049FA3357A}.Release|x86.ActiveCfg = Release|Win32
		{2E433007-65A1-4B98-8C05-E0049FA3357A}.Release|x86.Build.0 = Release|Win32
		{3AD28822-C5A2-48EE-B3E9-218B6DFAEBFB}.Debug|x64.ActiveCfg = Debug|x64
		{3AD28822-C5A2-48EE-B3E9-218B6DFAEBFB}.Debug|x64.Build.0 = Debug|x64
		{3AD28822-C5A2-48EE-B3E9-218B6DFAEBFB}.Debug|x86.ActiveCfg = Debug|Win32
		{3AD28822-C5A2-48EE-B3E9-218B6DFAEBFB}.Debug|x86.Build.0 = Debug|Win32
		{3AD28822-C5A2-48EE-B3E9-218B6DFAEBFB}.Release|x64.ActiveCfg = Release|x64
		{3AD28822-C5A2-48EE-B3E9-218B6DFAEBFB}.Release|x64.Build.0 = Release|x64
		{3AD28822-C5A2-48EE-B3E9-218B6DFAEBFB}.Release|x86.ActiveCfg = Release|Win32
		{3AD28822-C5A2-48EE-B3E9-218B6DFAEBFB}.Release|x86.Build.0 = Release|Win32
		{166AC88C-9B2E-43A2-9433-6DC5155CD24D}.Debug|x64.ActiveCfg = Debug|x64
		{166AC88C-9B2E-43A2-9433-6DC5155CD24D}.Debug|x64.Build.0 = Debug|x64
		{166AC88C-9B2E-43A2-9433-6DC5155CD24D}.Debug|x86.ActiveCfg = Debug|Win32
		{166AC88C-9B2E-43A2-9433-6DC5155CD24D}.Debug|x86.Build.0 = Debug|Win32
		{166AC88C-9B2E-43A2-9433-6DC5155CD24D}.Release|x64.ActiveCfg = Release|x64
		{166AC88C-9B2E-43A2-9433-6DC5155CD24D}.Release|x64.Build.0 = Release|x64
		{166AC88C-9B2E-43A2-9433-6DC5155CD24D}.Release|x86.ActiveCfg = Release|Win32
		{166AC88C-9B2E-43A2-9433-6DC5155CD24D}.Release|x86.Build.0 = Release|Win32
		{D1ECC289-04B3-4B27-BA07-3BD7ED5B4801}.Debug|x64.ActiveCfg = Debug|x64
		{D1ECC289-04B3-4B27-BA07-3BD7ED5B4801}.Debug|x64.Build.0 = Debug|x64
		{D1ECC289-04B3-4B27-BA07-3BD7ED5B4801}.Debug|x86.ActiveCfg = Debug|Win32
		{D1ECC289-04B3-4B27-BA07-3BD7ED5B4801}.Debug|x86.Build.0 = Debug|Win32
		{D1ECC289-04B3-4B27-BA07-3BD7ED5B4801}.Release|x64.ActiveCfg = Release|x64
		{D1ECC289-04B3-4B27-BA07-3BD7ED5B4801}.Release|x64.Build.0 = Release|x64
		{D1ECC289-04B3-4B27-BA07-3BD7ED5B4801}.Release|x86.ActiveCfg = Release|Win32
		{D1ECC289-04B3-4B27-BA07-3BD7ED5B4801}.Release|x86.Build.0 = Release|Win32
		{6BE39B57-EEE5-4F17-8055-61C0269DB7B4}.Debug|x64.ActiveCfg = Debug|x64
		{6BE39B57-EEE5-4F17-8055-61C0269DB7B4}.Debug|x64.Build.0 = Debug|x64
		{6BE39B57-EEE5-4F17-8055-61C0269DB7B4}.Debug|x86.ActiveCfg = Debug|Win32
		{6BE39B57-EEE5-4F17-8055-61C0269DB7B4}.Debug|x86.Build.0 = Debug|Win32
		{6BE39B57-EEE5-4F17-8055-61C0269DB7B4}.Release|x64.ActiveCfg = Release|x64
		{6BE39B57-EEE5-4F17-8055-61C0269DB7B4}.Release|x64.Build.0 = Release|x64
		{6BE39B57-EEE5-4F17-8055-61C0269DB7B4}.Release|x86.ActiveCfg = Release|Win32
		{6BE39B57-EEE5-4F17-8055-61C0269DB7B4}.Release|x86.Build.0 = Release|Win32
		{A7EF6DDC-67CC-44BA-AD99-30AD04C0A04C}.Debug|x64.ActiveCfg = Debug|x64
		{A7EF6DDC-67CC-44BA-AD99-30AD04C0A04C}.Debug|x64.Build.0 = Debug|x64
		{A7EF6DDC-67CC-44BA-AD99-30AD04C0A04C}.Debug|x86.ActiveCfg = Debug|Win32
		{A7EF6DDC-67CC-44BA-AD99-30AD04C0A04C}.Debug|x86.Build.0 = Debug|Win32
		{A7EF6DDC-67CC-44BA-AD99-30AD04C0A04C}.Release|x64.ActiveCfg = Release|x64
		{A7EF6DDC-67CC-44BA-AD99-30AD04C0A04C}.Release|x64.Build.0 = Release|x64
		{A7EF6DDC-67CC-44BA-AD99-30AD04C0A04C}.Release|x86.ActiveCfg = Release|Win32
		{A7EF6DDC-67CC-44BA-AD99-30AD04C0A04C}.Release|x86.Build.0 = Release|Win32
		{27DE0913-BB59-42CD-B603-38338913BF9D}.Debug|x64.ActiveCfg = Debug|x64
		{27DE0913-BB59-42CD-B603-38338913BF9D}.Debug|x64.Build.0 = Debug|x64
		{27DE0913-BB59-42CD-B603-38338913BF9D}.Debug|x86.ActiveCfg = Debug|Win32
		{27DE0913-BB59-42CD-B603-38338913BF9D}.Debug|x86.Build.0 = Debug|Win32
		{27DE0913-BB59-42CD-B603-38338913BF9D}.Release|x64.ActiveCfg = Release|x64
		{27DE0913-BB59-42CD-B603-38338913BF9D}.Release|x64.Build.0 = Release|x64
		{27DE0913-BB59-42CD-B603-38338913BF9D}.Release|x86.ActiveCfg = Release|Win32
		{27DE0913-BB59-42CD-B603-38338913BF9D}.Release|x86.Build.0 = Release|Win32
		{1CC4209F-1C56-456D-83CB-036BB2571046}.Debug|x64.ActiveCfg = Debug|x64
		{1CC4209F-1C56-456D-83CB-036BB2571046}.Debug|x64.Build.0 = Debug|x64
		{1CC4209F-1C56-456D-83CB-036BB2571046}.Debug|x86.ActiveCfg = Debug|Win32
		{1CC4209F-1C56-456D-83CB-036BB2571046}.Debug|x86.Build.0 = Debug|Win32
		{1CC4209F-1C56-456D-83CB-036BB2571046}.Release|x64.ActiveCfg = Release|x64
		{1CC4209F-1C56-456D-83CB-036BB2571046}.Release|x64.Build.0 = Release|x64
		{1CC4209F-1C56-456D-83CB-036BB2571046}.Release|x86.ActiveCfg = Release|Win32
		{1CC4209F-1C56-456D-83CB-036BB2571046}.Release|x86.Build.0 = Release|Win32
		{EF9F3FCE-9337-47C3-A469-F313488411D9}.Debug|x64.ActiveCfg = Debug|x64
		{EF9F3FCE-9337-47C3-A469-F313488411D9}.Debug|x64.Build.0 = Debug|x64
		{EF9F3FCE-9337-47C3-A469-F313488411D9}.Debug|x86.ActiveCfg = Debug|Win32
		{EF9F3FCE-9337-47C3-A469-F313488411D9}.Debug|x86.Build.0 = Debug|Win32
		{EF9F3FCE-9337-47C3-A469-F313488411D9}.Release|x64.ActiveCfg = Release|x64
		{EF9F3FCE-9337-47C3-A469-F313488411D9}.Release|x64.Build.0 = Release|x64
		{EF9F3FCE-9337-47C3-A469-F313488411D9}.Release|x86.ActiveCfg = Release|Win32
		{EF9F3FCE-9337-47C3-A469-F313488411D9}.Release|x86.Build.0 = Release|Win32
		{5C0B7829-FE20-402E-A2F7-FDF75369647B}.Debug|x64.ActiveCfg = Debug|x64
		{5C0B7829-FE20-402E-A2F7-FDF75369647B}.Debug|x64.Build.0 = Debug|x64
		{5C0B7829-FE20-402E-A2F7-FDF75369647B}.Debug|x86.ActiveCfg = Debug|Win32
		{5C0B7829-FE20-402E-A2F7-FDF75369647B}.Debug|x86.Build.0 = Debug|Win32
		{5C0B7829-FE20-402E-A2F7-FDF75369647B}.Release|x64.ActiveCfg = Release|x64
		{5C0B7829-FE20-402E-A2F7-FDF75369647B}.Release|x64.Build.0 = Release|x64
		{5C0B7829-FE20-402E-A2F7-FDF75369647B}.Release|x86.ActiveCfg = Release|Win32
		{5C0B7829-FE20-402E-A2F7-FDF75369647B}.Release|x86.Build.0 = Release|Win32
		{6AA1D9D4-6887-4F42-92C1-05B7ED77FD13}.Debug|x64.ActiveCfg = Debug|x64
		{6AA1D9D4-6887-4F42-92C1-05B7ED77FD13}.Debug|x64.Build.0 = Debug|x64
		{6AA1D9D4-6887-4F42-92C1-05B7ED77FD13}.Debug|x86.ActiveCfg = Debug|Win32
		{6AA1D9D4-6887-4F42-92C1-05B7ED77FD13}.Debug|x86.Build.0 = Debug|Win32
		{6AA1D9D4-6887-4F42-92C1-05B7ED77FD13}.Release|x64.ActiveCfg = Release|x64
		{6AA1D9D4-6887-4F42-92C1-05B7ED77FD13}.Release|x64.Build.0 = Release|x64
		{6AA1D9D4-6887-4F42-92C1-05B7ED77FD13}.Release|x86.ActiveCfg = Release|Win32
		{6AA1D9D4-6887-4F42-92C1-05B7ED77FD13}.Release|x86.Build.0 = Release|Win32
		{9D41E78E-0C22-4DC4-98AF-EE3DC329D239}.Debug|x64.ActiveCfg = Debug|x64
		{9D41E78E-0C22-4DC4-98AF-EE3DC329D239}.Debug|x64.Build.0 = Debug|x64
		{9D41E78E-0C22-4DC4-98AF-EE3DC329D239}.Debug|x86.ActiveCfg = Debug|Win32
		{9D41E78E-0C22-4DC4-98AF-EE3DC329D239}.Debug|x86.Build.0 = Debug|Win32
		{9D41E78E-0C22-4DC4-98AF-EE3DC329D239}.Release|x64.ActiveCfg = Release|x64
		{9D41E78E-0C22-4DC4-98AF-EE3DC329D239}.Release|x64.Build.0 = Release|x64
		{9D41E78E-0C22-4DC4-98AF-EE3DC329D239}.Release|x86.ActiveCfg = Release|Win32
		{9D41E78E-0C22-4DC4-98AF-EE3DC329D239}.Release|x86.Build.0 = Release|Win32
		{CB2B27D6-5A7D-481B-A5DB-42AC2704E75F}.Debug|x64.ActiveCfg = Debug|x64
		{CB2B27D6-5A7D-481B-A5DB-42AC2704E75F}.Debug|x64.Build.0 = Debug|x64
		{CB2B27D6-5A7D-481B-A5DB-42AC2704E75F}.Debug|x86.ActiveCfg = Debug|Win32
		{CB2B27D6-5A7D-481B-A5DB-42AC2704E75F}.Debug|x86.Build.0 = Debug|Win32
		{CB2B27D6-5A7D-481B-A5DB-42AC2704E75F}.Release|x64.ActiveCfg = Release|x64
		{CB2B27D6-5A7D-481B-A5DB-42AC2704E75F}.Release|x64.Build.0 = Release|x64
		{CB2B27D6-5A7D-481B-A5DB-42AC2704E75F}.Release|x86.ActiveCfg = Release|Win32
		{CB2B27D6-5A7D-481B-A5DB-42AC2704E75F}.Release|x86.Build.0 = Release|Win32
		{724A9EE7-490A-4794-910E-23F7DB7BBD9C}.Debug|x64.ActiveCfg = Debug|x64
		{724A9EE7-490A-4794-910E-23F7DB7BBD9C}.Debug|x64.Build.0 = Debug|x64
		{724A9EE7-490A-4794-910E-23F7DB7BBD9C}.Debug|x86.ActiveCfg = Debug|Win32
		{724A9EE7-490A-4794-910E-23F7DB7BBD9C}.Debug|x86.Build.0 = Debug|Win32
		{724A9EE7-490A-4794-910E-23F7DB7BBD9C}.Release|x64.ActiveCfg = Release|x64
		{724A9EE7-490A-4794-910E-23F7DB7BBD9C}.Release|x64.Build.0 = Release|x64
		{724A9EE7-490A-4794-910E-23F7DB7BBD9C}.Release|x86.ActiveCfg = Release|Win32
		{724A9EE7-490A-4794-910E-23F7DB7BBD9C}.Release|x86.Build.0 = Release|Win32
		{1E01B025-7717-4323-B24A-3C7E6C7EBC58}.Debug|x64.ActiveCfg = Debug|x64
		{1E01B025-7717-4323-B24A-3C7E6C7EBC58}.Debug|x64.Build.0 = Debug|x64
		{1E01B025-7717-4323-B24A-3C7E6C7EBC58}.Debug|x86.ActiveCfg = Debug|Win32
		{1E01B025-7717-4323-B24A-3C7E6C7EBC58}.Debug|x86.Build.0 = Debug|Win32
		{1E01B025-7717-4323-B24A-3C7E6C7EBC58}.Release|x64.ActiveCfg = Release|x64
		{1E01B025-7717-4323-B24A-3C7E6C7EBC58}.Release|x64.Build.0 = Release|x64
		{1E01B025-7717-4323-B24A-3C7E6C7EBC58}.Release|x86.ActiveCfg = Release|Win32
		{1E01B025-7717-4323-B24A-3C7E6C7EBC58}.Release|x86.Build.0 = Release|Win32
		{B6291722-A7C4-4F75-8F7B-8BC8BF83FB0F}.Debug|x64.ActiveCfg = Debug|x64
		{B6291722-A7C4-4F75-8F7B-8BC8BF83FB0F}.Debug|x64.Build.0 = Debug|x64
		{B6291722-A7C4-4F75-8F7B-8BC8BF83FB0F}.Debug|x86.ActiveCfg = Debug|Win32
		{B6291722-A7C4-4F75-8F7B-8BC8BF83FB0F}.Debug|x86.Build.0 = Debug|Win32
		{B6291722-A7C4-4F75-8F7B-8BC8BF83FB0F}.Release|x64.ActiveCfg = Release|x64
		{B6291722-A7C4-4F75-8F7B-8BC8BF83FB0F}.Release|x64.Build.0 = Release|x64
		{B6291722-A7C4-4F75-8F7B-8BC8BF83FB0F}.Release|x86.ActiveCfg = Release|Win32
		{B6291722-A7C4-4F75-8F7B-8BC8BF83FB0F}.Release|x86.Build.0 = Release|Win32
		{FB97E215-9DAB-4886-AD53-1F847276EE8A}.Debug|x64.ActiveCfg = Debug|x64
		{FB97E215-9DAB-4886-AD53-1F847276EE8A}.Debug|x64.Build.0 = Debug|x64
		{FB97E215-9DAB-4886-AD53-1F847276EE8A}.Debug|x86.ActiveCfg = Debug|Win32
		{FB97E215-9DAB-4886-AD53-1F847276EE8A}.Debug|x86.Build.0 = Debug|Win32
		{FB97E215-9DAB-4886-AD53-1F847276EE8A}.Release|x64.ActiveCfg = Release|x64
		{FB97E215-9DAB-4886-AD53-1F847276EE8A}.Release|x64.Build.0 = Release|x64
		{FB97E215-9DAB-4886-AD53-1F847276EE8A}.Release|x86.ActiveCfg = Release|Win32
		{FB97E215-9DAB-4886-AD53-1F847276EE8A}.Release|x86.Build.0 = Release|Win32
		{E3A37F00-79C6-464C-9307-D134C78C78BF}.Debug|x64.ActiveCfg = Debug|x64
		{E3A37F00-79C6-464C-9307-D134C78C78BF}.Debug|x64.Build.0 = Debug|x64
		{E3A37F00-79C6-464C-9307-D134C78C78BF}.Debug|x86.ActiveCfg = Debug|Win32
		{E3A37F00-79C6-464C-9307-D134C78C78BF}.Debug|x86.Build.0 = Debug|Win32
		{E3A37F00-79C6-464C-9307-D134C78C78BF}.Release|x64.ActiveCfg = Release|x64
		{E3A37F00-79C6-464C-9307-D134C78C78BF}.Release|x64.Build.0 = Release|x64
		{E3A37F00-79C6-464C-9307-D134C78C78BF}.Release|x86.ActiveCfg = Release|Win32
		{E3A37F00-79C6-464C-9307-D134C78C78BF}.Release|x86.Build.0 = Release|Win32
		{EAFBB679-FB28-48A8-93C9-54AE9AFBB163}.Debug|x64.ActiveCfg = Debug|x64
		{EAFBB679-FB28-48A8-93C9-54AE9AFBB163}.Debug|x64.Build.0 = Debug|x64
		{EAFBB679-FB28-48A8-93C9-54AE9AFBB163}.Debug|x86.ActiveCfg = Debug|Win32
		{EAFBB679-FB28-48A8-93C9-54AE9AFBB163}.Debug|x86.Build.0 = Debug|Win32
		{EAFBB679-FB28-48A8-93C9-54AE9AFBB163}.Release|x64.ActiveCfg = Release|x64
		{EAFBB679-FB28-48A8-93C9-54AE9AFBB163}.Release|x64.Build.0 = Release|x64
		{EAFBB679-FB28-48A8-93C9-54AE9AFBB163}.Release|x86.ActiveCfg = Release|Win32
		{EAFBB679-FB28-48A8-93C9-54AE9AFBB163}.Release|x86.Build.0 = Release|Win32
		{A6096B3E-4C15-4A14-9E32-9C0B5D8B5C2B}.Debug|x64.ActiveCfg = Debug|x64
		{A6096B3E-4C15-4A14-9E32-9C0B5D8B5C2B}.Debug|x64.Build.0 = Debug|x64
		{A6096B3E-4C15-4A14-9E32-9C0B5D8B5C2B}.Debug|x86.ActiveCfg = Debug|Win32
		{A6096B3E-4C15-4A14-9E32-9C0B5D8B5C2B}.Debug|x86.Build.0 = Debug|Win32
		{A6096B3E-4C15-4A14-9E32-9C0B5D8B5C2B}.Release|x64.ActiveCfg = Release|x64
		{A6096B3E-4C15-4A14-9E32-9C0B5D8B5C2B}.Release|x64.Build.0 = Release|x64
		{A6096B3E-4C15-4A14-9E32-9C0B5D8B5C2B}.Release|x86.ActiveCfg = Release|Win32
		{A6096B3E-4C15-4A14-9E32-9C0B5D8B5C2B}.Release|x86.Build.0 = Release|Win32
		{5DF33FF6-34CF-47B8-B8CF-CC4F1E4DEF54}.Debug|x64.ActiveCfg = Debug|x64
		{5DF33FF6-34CF-47B8-B8CF-CC4F1E4DEF54}.Debug|x64.Build.0 = Debug|x64
		{5DF33FF6-34CF-47B8-B8CF-CC4F1E4DEF54}.Debug|x86.ActiveCfg = Debug|Win32
		{5DF33FF6-34CF-47B8-B8CF-CC4F1E4DEF54}.Debug|x86.Build.0 = Debug|Win32
		{5DF33FF6-34CF-47B8-B8CF-CC4F1E4DEF54}.Release|x64.ActiveCfg = Release|x64
		{5DF33FF6-34CF-47B8-B8CF-CC4F1E4DEF54}.Release|x64.Build.0 = Release|x64
		{5DF33FF6-34CF-47B8-B8CF-CC4F1E4DEF54}.Release|x86.ActiveCfg = Release|Win32
		{5DF33FF6-34CF-47B8-B8CF-CC4F1E4DEF54}.Release|x86.Build.0 = Release|Win32
		{E2D7BBE4-9661-4E6C-A0FD-AD17097EBB17}.Debug|x64.ActiveCfg = Debug|x64
		{E2D7BBE4-9661-4E6C-A0FD-AD17097EBB17}.Debug|x64.Build.0 = Debug|x64
		{E2D7BBE4-9661-4E6C-A0FD-AD17097EBB17}.Debug|x86.ActiveCfg = Debug|Win32
		{E2D7BBE4-9661-4E6C-A0FD-AD17097EBB17}.Debug|x86.Build.0 = Debug|Win32
		{E2D7BBE4-9661-4E6C-A0FD-AD17097EBB17}.Release|x64.ActiveCfg = Release|x64
		{E2D7BBE4-9661-4E6C-A0FD-AD17097EBB17}.Release|x64.Build.0 = Release|x64
		{E2D7BBE4-9661-4E6C-A0FD-AD17097EBB17}.Release|x86.ActiveCfg = Release|Win32
		{E2D7BBE4-9661-4E6C-A0FD-AD17097EBB17}.Release|x86.Build.0 = Release|Win32
	EndGlobalSection
	GlobalSection(SolutionProperties) = preSolution
		HideSolutionNode = FALSE
	EndGlobalSection
	GlobalSection(ExtensibilityGlobals) = postSolution
		SolutionGuid = {A21106CB-45C3-43EB-8D86-29671C93FEB7}
	EndGlobalSection
EndGlobal
